
Microsoft Visual Studio Solution File, Format Version 12.00
# Visual Studio Version 17
VisualStudioVersion = 17.2.32630.192
MinimumVisualStudioVersion = 10.0.40219.1
Project("{FAE04EC0-301F-11D3-BF4B-00C04F79EFBC}") = "Ejercicio dos", "Ejercicio dos\Ejercicio dos.csproj", "{27466A14-5769-4A1E-B8E2-D405C7A6A740}"
EndProject
Global
	GlobalSection(SolutionConfigurationPlatforms) = preSolution
		Debug|Any CPU = Debug|Any CPU
		Release|Any CPU = Release|Any CPU
	EndGlobalSection
	GlobalSection(ProjectConfigurationPlatforms) = postSolution
		{27466A14-5769-4A1E-B8E2-D405C7A6A740}.Debug|Any CPU.ActiveCfg = Debug|Any CPU
		{27466A14-5769-4A1E-B8E2-D405C7A6A740}.Debug|Any CPU.Build.0 = Debug|Any CPU
		{27466A14-5769-4A1E-B8E2-D405C7A6A740}.Release|Any CPU.ActiveCfg = Release|Any CPU
		{27466A14-5769-4A1E-B8E2-D405C7A6A740}.Release|Any CPU.Build.0 = Release|Any CPU
	EndGlobalSection
	GlobalSection(SolutionProperties) = preSolution
		HideSolutionNode = FALSE
	EndGlobalSection
	GlobalSection(ExtensibilityGlobals) = postSolution
		SolutionGuid = {BC2C9EE3-8CBB-462F-B8C4-D2D1E3F7E68F}
	EndGlobalSection
EndGlobal
