
Microsoft Visual Studio Solution File, Format Version 12.00
# Visual Studio Version 17
VisualStudioVersion = 17.2.32630.192
MinimumVisualStudioVersion = 10.0.40219.1
Project("{FAE04EC0-301F-11D3-BF4B-00C04F79EFBC}") = "Ejercicio uno", "Ejercicio uno\Ejercicio uno.csproj", "{AB0A801B-D23D-4794-BAA5-62C3205803E4}"
EndProject
Global
	GlobalSection(SolutionConfigurationPlatforms) = preSolution
		Debug|Any CPU = Debug|Any CPU
		Release|Any CPU = Release|Any CPU
	EndGlobalSection
	GlobalSection(ProjectConfigurationPlatforms) = postSolution
		{AB0A801B-D23D-4794-BAA5-62C3205803E4}.Debug|Any CPU.ActiveCfg = Debug|Any CPU
		{AB0A801B-D23D-4794-BAA5-62C3205803E4}.Debug|Any CPU.Build.0 = Debug|Any CPU
		{AB0A801B-D23D-4794-BAA5-62C3205803E4}.Release|Any CPU.ActiveCfg = Release|Any CPU
		{AB0A801B-D23D-4794-BAA5-62C3205803E4}.Release|Any CPU.Build.0 = Release|Any CPU
	EndGlobalSection
	GlobalSection(SolutionProperties) = preSolution
		HideSolutionNode = FALSE
	EndGlobalSection
	GlobalSection(ExtensibilityGlobals) = postSolution
		SolutionGuid = {28B16198-F86B-43AE-B6BD-00CB512CF235}
	EndGlobalSection
EndGlobal
